// !$*UTF8*$!
{
	archiveVersion = 1;
	classes = {
	};
	objectVersion = 51;
	objects = {

/* Begin PBXBuildFile section */
		599AD21D25748D5D00826EE6 /* AppDelegate.swift in Sources */ = {isa = PBXBuildFile; fileRef = 599AD21C25748D5D00826EE6 /* AppDelegate.swift */; };
		599AD21F25748D5D00826EE6 /* GameScene.sks in Resources */ = {isa = PBXBuildFile; fileRef = 599AD21E25748D5D00826EE6 /* GameScene.sks */; };
		599AD22125748D5D00826EE6 /* Actions.sks in Resources */ = {isa = PBXBuildFile; fileRef = 599AD22025748D5D00826EE6 /* Actions.sks */; };
		599AD22325748D5D00826EE6 /* GameScene.swift in Sources */ = {isa = PBXBuildFile; fileRef = 599AD22225748D5D00826EE6 /* GameScene.swift */; };
		599AD22525748D5D00826EE6 /* GameViewController.swift in Sources */ = {isa = PBXBuildFile; fileRef = 599AD22425748D5D00826EE6 /* GameViewController.swift */; };
		599AD22825748D5D00826EE6 /* Main.storyboard in Resources */ = {isa = PBXBuildFile; fileRef = 599AD22625748D5D00826EE6 /* Main.storyboard */; };
		599AD22A25748D5F00826EE6 /* Assets.xcassets in Resources */ = {isa = PBXBuildFile; fileRef = 599AD22925748D5F00826EE6 /* Assets.xcassets */; };
		599AD23625748D8F00826EE6 /* SignUpViewController.swift in Sources */ = {isa = PBXBuildFile; fileRef = 599AD23225748D8F00826EE6 /* SignUpViewController.swift */; };
		599AD23725748D8F00826EE6 /* InitialViewController.swift in Sources */ = {isa = PBXBuildFile; fileRef = 599AD23325748D8F00826EE6 /* InitialViewController.swift */; };
		599AD23825748D8F00826EE6 /* LoginViewController.swift in Sources */ = {isa = PBXBuildFile; fileRef = 599AD23425748D8F00826EE6 /* LoginViewController.swift */; };
		599AD23925748D8F00826EE6 /* HomePageViewController.swift in Sources */ = {isa = PBXBuildFile; fileRef = 599AD23525748D8F00826EE6 /* HomePageViewController.swift */; };
		59E08EC52575FFF30007A716 /* LaunchScreen.storyboard in Resources */ = {isa = PBXBuildFile; fileRef = 59E08EC42575FFF30007A716 /* LaunchScreen.storyboard */; };
		CECDE0CB2C143C9952021F45 /* Pods_Breakout.framework in Frameworks */ = {isa = PBXBuildFile; fileRef = 47FDF83325F75AA662FDF9B6 /* Pods_Breakout.framework */; };
/* End PBXBuildFile section */

/* Begin PBXFileReference section */
		47FDF83325F75AA662FDF9B6 /* Pods_Breakout.framework */ = {isa = PBXFileReference; explicitFileType = wrapper.framework; includeInIndex = 0; path = Pods_Breakout.framework; sourceTree = BUILT_PRODUCTS_DIR; };
		599AD21925748D5D00826EE6 /* Breakout.app */ = {isa = PBXFileReference; explicitFileType = wrapper.application; includeInIndex = 0; path = Breakout.app; sourceTree = BUILT_PRODUCTS_DIR; };
		599AD21C25748D5D00826EE6 /* AppDelegate.swift */ = {isa = PBXFileReference; lastKnownFileType = sourcecode.swift; path = AppDelegate.swift; sourceTree = "<group>"; };
		599AD21E25748D5D00826EE6 /* GameScene.sks */ = {isa = PBXFileReference; lastKnownFileType = file.sks; path = GameScene.sks; sourceTree = "<group>"; };
		599AD22025748D5D00826EE6 /* Actions.sks */ = {isa = PBXFileReference; lastKnownFileType = file.sks; path = Actions.sks; sourceTree = "<group>"; };
		599AD22225748D5D00826EE6 /* GameScene.swift */ = {isa = PBXFileReference; lastKnownFileType = sourcecode.swift; path = GameScene.swift; sourceTree = "<group>"; };
		599AD22425748D5D00826EE6 /* GameViewController.swift */ = {isa = PBXFileReference; lastKnownFileType = sourcecode.swift; path = GameViewController.swift; sourceTree = "<group>"; };
		599AD22725748D5D00826EE6 /* Base */ = {isa = PBXFileReference; lastKnownFileType = file.storyboard; name = Base; path = Base.lproj/Main.storyboard; sourceTree = "<group>"; };
		599AD22925748D5F00826EE6 /* Assets.xcassets */ = {isa = PBXFileReference; lastKnownFileType = folder.assetcatalog; path = Assets.xcassets; sourceTree = "<group>"; };
		599AD22B25748D5F00826EE6 /* Info.plist */ = {isa = PBXFileReference; lastKnownFileType = text.plist.xml; path = Info.plist; sourceTree = "<group>"; };
		599AD23225748D8F00826EE6 /* SignUpViewController.swift */ = {isa = PBXFileReference; fileEncoding = 4; lastKnownFileType = sourcecode.swift; path = SignUpViewController.swift; sourceTree = "<group>"; };
		599AD23325748D8F00826EE6 /* InitialViewController.swift */ = {isa = PBXFileReference; fileEncoding = 4; lastKnownFileType = sourcecode.swift; path = InitialViewController.swift; sourceTree = "<group>"; };
		599AD23425748D8F00826EE6 /* LoginViewController.swift */ = {isa = PBXFileReference; fileEncoding = 4; lastKnownFileType = sourcecode.swift; path = LoginViewController.swift; sourceTree = "<group>"; };
		599AD23525748D8F00826EE6 /* HomePageViewController.swift */ = {isa = PBXFileReference; fileEncoding = 4; lastKnownFileType = sourcecode.swift; path = HomePageViewController.swift; sourceTree = "<group>"; };
		59E08EC42575FFF30007A716 /* LaunchScreen.storyboard */ = {isa = PBXFileReference; lastKnownFileType = file.storyboard; path = LaunchScreen.storyboard; sourceTree = "<group>"; };
		65ACEB902CDD1223889B6254 /* Pods-Breakout.release.xcconfig */ = {isa = PBXFileReference; includeInIndex = 1; lastKnownFileType = text.xcconfig; name = "Pods-Breakout.release.xcconfig"; path = "Target Support Files/Pods-Breakout/Pods-Breakout.release.xcconfig"; sourceTree = "<group>"; };
		82E84804022755C739727CE9 /* Pods-Breakout.debug.xcconfig */ = {isa = PBXFileReference; includeInIndex = 1; lastKnownFileType = text.xcconfig; name = "Pods-Breakout.debug.xcconfig"; path = "Target Support Files/Pods-Breakout/Pods-Breakout.debug.xcconfig"; sourceTree = "<group>"; };
/* End PBXFileReference section */

/* Begin PBXFrameworksBuildPhase section */
		599AD21625748D5D00826EE6 /* Frameworks */ = {
			isa = PBXFrameworksBuildPhase;
			buildActionMask = 2147483647;
			files = (
				CECDE0CB2C143C9952021F45 /* Pods_Breakout.framework in Frameworks */,
			);
			runOnlyForDeploymentPostprocessing = 0;
		};
/* End PBXFrameworksBuildPhase section */

/* Begin PBXGroup section */
		25D2AE72940F0434DAE48B7E /* Pods */ = {
			isa = PBXGroup;
			children = (
				82E84804022755C739727CE9 /* Pods-Breakout.debug.xcconfig */,
				65ACEB902CDD1223889B6254 /* Pods-Breakout.release.xcconfig */,
			);
			path = Pods;
			sourceTree = "<group>";
		};
		599AD21025748D5D00826EE6 = {
			isa = PBXGroup;
			children = (
				599AD21B25748D5D00826EE6 /* Breakout */,
				599AD21A25748D5D00826EE6 /* Products */,
				25D2AE72940F0434DAE48B7E /* Pods */,
				9EFE38E915EED4E3F28E015B /* Frameworks */,
			);
			sourceTree = "<group>";
		};
		599AD21A25748D5D00826EE6 /* Products */ = {
			isa = PBXGroup;
			children = (
				599AD21925748D5D00826EE6 /* Breakout.app */,
			);
			name = Products;
			sourceTree = "<group>";
		};
		599AD21B25748D5D00826EE6 /* Breakout */ = {
			isa = PBXGroup;
			children = (
				599AD21C25748D5D00826EE6 /* AppDelegate.swift */,
				599AD21E25748D5D00826EE6 /* GameScene.sks */,
				599AD22025748D5D00826EE6 /* Actions.sks */,
				599AD22225748D5D00826EE6 /* GameScene.swift */,
				599AD22425748D5D00826EE6 /* GameViewController.swift */,
				59E08EC42575FFF30007A716 /* LaunchScreen.storyboard */,
				599AD22625748D5D00826EE6 /* Main.storyboard */,
				599AD23525748D8F00826EE6 /* HomePageViewController.swift */,
				599AD23325748D8F00826EE6 /* InitialViewController.swift */,
				599AD23425748D8F00826EE6 /* LoginViewController.swift */,
				599AD23225748D8F00826EE6 /* SignUpViewController.swift */,
				599AD22925748D5F00826EE6 /* Assets.xcassets */,
				599AD22B25748D5F00826EE6 /* Info.plist */,
			);
			path = Breakout;
			sourceTree = "<group>";
		};
		9EFE38E915EED4E3F28E015B /* Frameworks */ = {
			isa = PBXGroup;
			children = (
				47FDF83325F75AA662FDF9B6 /* Pods_Breakout.framework */,
			);
			name = Frameworks;
			sourceTree = "<group>";
		};
/* End PBXGroup section */

/* Begin PBXNativeTarget section */
		599AD21825748D5D00826EE6 /* Breakout */ = {
			isa = PBXNativeTarget;
			buildConfigurationList = 599AD22E25748D5F00826EE6 /* Build configuration list for PBXNativeTarget "Breakout" */;
			buildPhases = (
				8E821234A43555F0DA9E3DEB /* [CP] Check Pods Manifest.lock */,
				599AD21525748D5D00826EE6 /* Sources */,
				599AD21625748D5D00826EE6 /* Frameworks */,
				599AD21725748D5D00826EE6 /* Resources */,
				BA2B23A4B1E50562B5B7D547 /* [CP] Embed Pods Frameworks */,
			);
			buildRules = (
			);
			dependencies = (
			);
			name = Breakout;
			productName = Breakout;
			productReference = 599AD21925748D5D00826EE6 /* Breakout.app */;
			productType = "com.apple.product-type.application";
		};
/* End PBXNativeTarget section */

/* Begin PBXProject section */
		599AD21125748D5D00826EE6 /* Project object */ = {
			isa = PBXProject;
			attributes = {
				LastSwiftUpdateCheck = 1210;
				LastUpgradeCheck = 1210;
				TargetAttributes = {
					599AD21825748D5D00826EE6 = {
						CreatedOnToolsVersion = 12.1;
					};
				};
			};
			buildConfigurationList = 599AD21425748D5D00826EE6 /* Build configuration list for PBXProject "Breakout" */;
			compatibilityVersion = "Xcode 9.3";
			developmentRegion = en;
			hasScannedForEncodings = 0;
			knownRegions = (
				en,
				Base,
			);
			mainGroup = 599AD21025748D5D00826EE6;
			productRefGroup = 599AD21A25748D5D00826EE6 /* Products */;
			projectDirPath = "";
			projectRoot = "";
			targets = (
				599AD21825748D5D00826EE6 /* Breakout */,
			);
		};
/* End PBXProject section */

/* Begin PBXResourcesBuildPhase section */
		599AD21725748D5D00826EE6 /* Resources */ = {
			isa = PBXResourcesBuildPhase;
			buildActionMask = 2147483647;
			files = (
				599AD22825748D5D00826EE6 /* Main.storyboard in Resources */,
				599AD21F25748D5D00826EE6 /* GameScene.sks in Resources */,
				599AD22A25748D5F00826EE6 /* Assets.xcassets in Resources */,
				59E08EC52575FFF30007A716 /* LaunchScreen.storyboard in Resources */,
				599AD22125748D5D00826EE6 /* Actions.sks in Resources */,
			);
			runOnlyForDeploymentPostprocessing = 0;
		};
/* End PBXResourcesBuildPhase section */

/* Begin PBXShellScriptBuildPhase section */
		8E821234A43555F0DA9E3DEB /* [CP] Check Pods Manifest.lock */ = {
			isa = PBXShellScriptBuildPhase;
			buildActionMask = 2147483647;
			files = (
			);
			inputFileListPaths = (
			);
			inputPaths = (
				"${PODS_PODFILE_DIR_PATH}/Podfile.lock",
				"${PODS_ROOT}/Manifest.lock",
			);
			name = "[CP] Check Pods Manifest.lock";
			outputFileListPaths = (
			);
			outputPaths = (
				"$(DERIVED_FILE_DIR)/Pods-Breakout-checkManifestLockResult.txt",
			);
			runOnlyForDeploymentPostprocessing = 0;
			shellPath = /bin/sh;
			shellScript = "diff \"${PODS_PODFILE_DIR_PATH}/Podfile.lock\" \"${PODS_ROOT}/Manifest.lock\" > /dev/null\nif [ $? != 0 ] ; then\n    # print error to STDERR\n    echo \"error: The sandbox is not in sync with the Podfile.lock. Run 'pod install' or update your CocoaPods installation.\" >&2\n    exit 1\nfi\n# This output is used by Xcode 'outputs' to avoid re-running this script phase.\necho \"SUCCESS\" > \"${SCRIPT_OUTPUT_FILE_0}\"\n";
			showEnvVarsInLog = 0;
		};
		BA2B23A4B1E50562B5B7D547 /* [CP] Embed Pods Frameworks */ = {
			isa = PBXShellScriptBuildPhase;
			buildActionMask = 2147483647;
			files = (
			);
			inputFileListPaths = (
				"${PODS_ROOT}/Target Support Files/Pods-Breakout/Pods-Breakout-frameworks-${CONFIGURATION}-input-files.xcfilelist",
			);
			name = "[CP] Embed Pods Frameworks";
			outputFileListPaths = (
				"${PODS_ROOT}/Target Support Files/Pods-Breakout/Pods-Breakout-frameworks-${CONFIGURATION}-output-files.xcfilelist",
			);
			runOnlyForDeploymentPostprocessing = 0;
			shellPath = /bin/sh;
			shellScript = "\"${PODS_ROOT}/Target Support Files/Pods-Breakout/Pods-Breakout-frameworks.sh\"\n";
			showEnvVarsInLog = 0;
		};
/* End PBXShellScriptBuildPhase section */

/* Begin PBXSourcesBuildPhase section */
		599AD21525748D5D00826EE6 /* Sources */ = {
			isa = PBXSourcesBuildPhase;
			buildActionMask = 2147483647;
			files = (
				599AD23825748D8F00826EE6 /* LoginViewController.swift in Sources */,
				599AD23925748D8F00826EE6 /* HomePageViewController.swift in Sources */,
				599AD23725748D8F00826EE6 /* InitialViewController.swift in Sources */,
				599AD22325748D5D00826EE6 /* GameScene.swift in Sources */,
				599AD22525748D5D00826EE6 /* GameViewController.swift in Sources */,
				599AD23625748D8F00826EE6 /* SignUpViewController.swift in Sources */,
				599AD21D25748D5D00826EE6 /* AppDelegate.swift in Sources */,
			);
			runOnlyForDeploymentPostprocessing = 0;
		};
/* End PBXSourcesBuildPhase section */

/* Begin PBXVariantGroup section */
		599AD22625748D5D00826EE6 /* Main.storyboard */ = {
			isa = PBXVariantGroup;
			children = (
				599AD22725748D5D00826EE6 /* Base */,
			);
			name = Main.storyboard;
			sourceTree = "<group>";
		};
/* End PBXVariantGroup section */

/* Begin XCBuildConfiguration section */
		599AD22C25748D5F00826EE6 /* Debug */ = {
			isa = XCBuildConfiguration;
			buildSettings = {
				ALWAYS_SEARCH_USER_PATHS = NO;
				CLANG_ANALYZER_NONNULL = YES;
				CLANG_ANALYZER_NUMBER_OBJECT_CONVERSION = YES_AGGRESSIVE;
				CLANG_CXX_LANGUAGE_STANDARD = "gnu++14";
				CLANG_CXX_LIBRARY = "libc++";
				CLANG_ENABLE_MODULES = YES;
				CLANG_ENABLE_OBJC_ARC = YES;
				CLANG_ENABLE_OBJC_WEAK = YES;
				CLANG_WARN_BLOCK_CAPTURE_AUTORELEASING = YES;
				CLANG_WARN_BOOL_CONVERSION = YES;
				CLANG_WARN_COMMA = YES;
				CLANG_WARN_CONSTANT_CONVERSION = YES;
				CLANG_WARN_DEPRECATED_OBJC_IMPLEMENTATIONS = YES;
				CLANG_WARN_DIRECT_OBJC_ISA_USAGE = YES_ERROR;
				CLANG_WARN_DOCUMENTATION_COMMENTS = YES;
				CLANG_WARN_EMPTY_BODY = YES;
				CLANG_WARN_ENUM_CONVERSION = YES;
				CLANG_WARN_INFINITE_RECURSION = YES;
				CLANG_WARN_INT_CONVERSION = YES;
				CLANG_WARN_NON_LITERAL_NULL_CONVERSION = YES;
				CLANG_WARN_OBJC_IMPLICIT_RETAIN_SELF = YES;
				CLANG_WARN_OBJC_LITERAL_CONVERSION = YES;
				CLANG_WARN_OBJC_ROOT_CLASS = YES_ERROR;
				CLANG_WARN_QUOTED_INCLUDE_IN_FRAMEWORK_HEADER = YES;
				CLANG_WARN_RANGE_LOOP_ANALYSIS = YES;
				CLANG_WARN_STRICT_PROTOTYPES = YES;
				CLANG_WARN_SUSPICIOUS_MOVE = YES;
				CLANG_WARN_UNGUARDED_AVAILABILITY = YES_AGGRESSIVE;
				CLANG_WARN_UNREACHABLE_CODE = YES;
				CLANG_WARN__DUPLICATE_METHOD_MATCH = YES;
				COPY_PHASE_STRIP = NO;
				DEBUG_INFORMATION_FORMAT = dwarf;
				ENABLE_STRICT_OBJC_MSGSEND = YES;
				ENABLE_TESTABILITY = YES;
				GCC_C_LANGUAGE_STANDARD = gnu11;
				GCC_DYNAMIC_NO_PIC = NO;
				GCC_NO_COMMON_BLOCKS = YES;
				GCC_OPTIMIZATION_LEVEL = 0;
				GCC_PREPROCESSOR_DEFINITIONS = (
					"DEBUG=1",
					"$(inherited)",
				);
				GCC_WARN_64_TO_32_BIT_CONVERSION = YES;
				GCC_WARN_ABOUT_RETURN_TYPE = YES_ERROR;
				GCC_WARN_UNDECLARED_SELECTOR = YES;
				GCC_WARN_UNINITIALIZED_AUTOS = YES_AGGRESSIVE;
				GCC_WARN_UNUSED_FUNCTION = YES;
				GCC_WARN_UNUSED_VARIABLE = YES;
				IPHONEOS_DEPLOYMENT_TARGET = 14.1;
				MTL_ENABLE_DEBUG_INFO = INCLUDE_SOURCE;
				MTL_FAST_MATH = YES;
				ONLY_ACTIVE_ARCH = YES;
				SDKROOT = iphoneos;
				SWIFT_ACTIVE_COMPILATION_CONDITIONS = DEBUG;
				SWIFT_OPTIMIZATION_LEVEL = "-Onone";
			};
			name = Debug;
		};
		599AD22D25748D5F00826EE6 /* Release */ = {
			isa = XCBuildConfiguration;
			buildSettings = {
				ALWAYS_SEARCH_USER_PATHS = NO;
				CLANG_ANALYZER_NONNULL = YES;
				CLANG_ANALYZER_NUMBER_OBJECT_CONVERSION = YES_AGGRESSIVE;
				CLANG_CXX_LANGUAGE_STANDARD = "gnu++14";
				CLANG_CXX_LIBRARY = "libc++";
				CLANG_ENABLE_MODULES = YES;
				CLANG_ENABLE_OBJC_ARC = YES;
				CLANG_ENABLE_OBJC_WEAK = YES;
				CLANG_WARN_BLOCK_CAPTURE_AUTORELEASING = YES;
				CLANG_WARN_BOOL_CONVERSION = YES;
				CLANG_WARN_COMMA = YES;
				CLANG_WARN_CONSTANT_CONVERSION = YES;
				CLANG_WARN_DEPRECATED_OBJC_IMPLEMENTATIONS = YES;
				CLANG_WARN_DIRECT_OBJC_ISA_USAGE = YES_ERROR;
				CLANG_WARN_DOCUMENTATION_COMMENTS = YES;
				CLANG_WARN_EMPTY_BODY = YES;
				CLANG_WARN_ENUM_CONVERSION = YES;
				CLANG_WARN_INFINITE_RECURSION = YES;
				CLANG_WARN_INT_CONVERSION = YES;
				CLANG_WARN_NON_LITERAL_NULL_CONVERSION = YES;
				CLANG_WARN_OBJC_IMPLICIT_RETAIN_SELF = YES;
				CLANG_WARN_OBJC_LITERAL_CONVERSION = YES;
				CLANG_WARN_OBJC_ROOT_CLASS = YES_ERROR;
				CLANG_WARN_QUOTED_INCLUDE_IN_FRAMEWORK_HEADER = YES;
				CLANG_WARN_RANGE_LOOP_ANALYSIS = YES;
				CLANG_WARN_STRICT_PROTOTYPES = YES;
				CLANG_WARN_SUSPICIOUS_MOVE = YES;
				CLANG_WARN_UNGUARDED_AVAILABILITY = YES_AGGRESSIVE;
				CLANG_WARN_UNREACHABLE_CODE = YES;
				CLANG_WARN__DUPLICATE_METHOD_MATCH = YES;
				COPY_PHASE_STRIP = NO;
				DEBUG_INFORMATION_FORMAT = "dwarf-with-dsym";
				ENABLE_NS_ASSERTIONS = NO;
				ENABLE_STRICT_OBJC_MSGSEND = YES;
				GCC_C_LANGUAGE_STANDARD = gnu11;
				GCC_NO_COMMON_BLOCKS = YES;
				GCC_WARN_64_TO_32_BIT_CONVERSION = YES;
				GCC_WARN_ABOUT_RETURN_TYPE = YES_ERROR;
				GCC_WARN_UNDECLARED_SELECTOR = YES;
				GCC_WARN_UNINITIALIZED_AUTOS = YES_AGGRESSIVE;
				GCC_WARN_UNUSED_FUNCTION = YES;
				GCC_WARN_UNUSED_VARIABLE = YES;
				IPHONEOS_DEPLOYMENT_TARGET = 14.1;
				MTL_ENABLE_DEBUG_INFO = NO;
				MTL_FAST_MATH = YES;
				SDKROOT = iphoneos;
				SWIFT_COMPILATION_MODE = wholemodule;
				SWIFT_OPTIMIZATION_LEVEL = "-O";
				VALIDATE_PRODUCT = YES;
			};
			name = Release;
		};
		599AD22F25748D5F00826EE6 /* Debug */ = {
			isa = XCBuildConfiguration;
			baseConfigurationReference = 82E84804022755C739727CE9 /* Pods-Breakout.debug.xcconfig */;
			buildSettings = {
				ASSETCATALOG_COMPILER_APPICON_NAME = AppIcon;
				ASSETCATALOG_COMPILER_GLOBAL_ACCENT_COLOR_NAME = AccentColor;
				CODE_SIGN_STYLE = Automatic;
				DEVELOPMENT_TEAM = GUYPJD4NUE;
				INFOPLIST_FILE = Breakout/Info.plist;
				LD_RUNPATH_SEARCH_PATHS = (
					"$(inherited)",
					"@executable_path/Frameworks",
				);
				PRODUCT_BUNDLE_IDENTIFIER = com.example.Breakout;
				PRODUCT_NAME = "$(TARGET_NAME)";
				SWIFT_VERSION = 5.0;
				TARGETED_DEVICE_FAMILY = "1,2";
			};
			name = Debug;
		};
		599AD23025748D5F00826EE6 /* Release */ = {
			isa = XCBuildConfiguration;
			baseConfigurationReference = 65ACEB902CDD1223889B6254 /* Pods-Breakout.release.xcconfig */;
			buildSettings = {
				ASSETCATALOG_COMPILER_APPICON_NAME = AppIcon;
				ASSETCATALOG_COMPILER_GLOBAL_ACCENT_COLOR_NAME = AccentColor;
				CODE_SIGN_STYLE = Automatic;
				DEVELOPMENT_TEAM = GUYPJD4NUE;
				INFOPLIST_FILE = Breakout/Info.plist;
				LD_RUNPATH_SEARCH_PATHS = (
					"$(inherited)",
					"@executable_path/Frameworks",
				);
				PRODUCT_BUNDLE_IDENTIFIER = com.example.Breakout;
				PRODUCT_NAME = "$(TARGET_NAME)";
				SWIFT_VERSION = 5.0;
				TARGETED_DEVICE_FAMILY = "1,2";
			};
			name = Release;
		};
/* End XCBuildConfiguration section */

/* Begin XCConfigurationList section */
		599AD21425748D5D00826EE6 /* Build configuration list for PBXProject "Breakout" */ = {
			isa = XCConfigurationList;
			buildConfigurations = (
				599AD22C25748D5F00826EE6 /* Debug */,
				599AD22D25748D5F00826EE6 /* Release */,
			);
			defaultConfigurationIsVisible = 0;
			defaultConfigurationName = Release;
		};
		599AD22E25748D5F00826EE6 /* Build configuration list for PBXNativeTarget "Breakout" */ = {
			isa = XCConfigurationList;
			buildConfigurations = (
				599AD22F25748D5F00826EE6 /* Debug */,
				599AD23025748D5F00826EE6 /* Release */,
			);
			defaultConfigurationIsVisible = 0;
			defaultConfigurationName = Release;
		};
/* End XCConfigurationList section */
	};
	rootObject = 599AD21125748D5D00826EE6 /* Project object */;
}
